// !$*UTF8*$!
{
	archiveVersion = 1;
	classes = {
	};
	objectVersion = 50;
	objects = {

/* Begin PBXBuildFile section */
		A36D3CBC2168C3CD0036D9A3 /* AppDelegate.swift in Sources */ = {isa = PBXBuildFile; fileRef = A36D3CBB2168C3CD0036D9A3 /* AppDelegate.swift */; };
		A36D3CBE2168C3CD0036D9A3 /* ViewController.swift in Sources */ = {isa = PBXBuildFile; fileRef = A36D3CBD2168C3CD0036D9A3 /* ViewController.swift */; };
		A36D3CC12168C3CE0036D9A3 /* Main.storyboard in Resources */ = {isa = PBXBuildFile; fileRef = A36D3CBF2168C3CE0036D9A3 /* Main.storyboard */; };
		A36D3CC32168C3F30036D9A3 /* Assets.xcassets in Resources */ = {isa = PBXBuildFile; fileRef = A36D3CC22168C3F30036D9A3 /* Assets.xcassets */; };
		A36D3CC62168C3F30036D9A3 /* LaunchScreen.storyboard in Resources */ = {isa = PBXBuildFile; fileRef = A36D3CC42168C3F30036D9A3 /* LaunchScreen.storyboard */; };
		A36D3CD12168C3F40036D9A3 /* Flix_Demo_Version2Tests.swift in Sources */ = {isa = PBXBuildFile; fileRef = A36D3CD02168C3F40036D9A3 /* Flix_Demo_Version2Tests.swift */; };
		A36D3CDC2168C3F40036D9A3 /* Flix_Demo_Version2UITests.swift in Sources */ = {isa = PBXBuildFile; fileRef = A36D3CDB2168C3F40036D9A3 /* Flix_Demo_Version2UITests.swift */; };
/* End PBXBuildFile section */

/* Begin PBXContainerItemProxy section */
		A36D3CCD2168C3F40036D9A3 /* PBXContainerItemProxy */ = {
			isa = PBXContainerItemProxy;
			containerPortal = A36D3CB02168C3CD0036D9A3 /* Project object */;
			proxyType = 1;
			remoteGlobalIDString = A36D3CB72168C3CD0036D9A3;
			remoteInfo = Flix_Demo_Version2;
		};
		A36D3CD82168C3F40036D9A3 /* PBXContainerItemProxy */ = {
			isa = PBXContainerItemProxy;
			containerPortal = A36D3CB02168C3CD0036D9A3 /* Project object */;
			proxyType = 1;
			remoteGlobalIDString = A36D3CB72168C3CD0036D9A3;
			remoteInfo = Flix_Demo_Version2;
		};
/* End PBXContainerItemProxy section */

/* Begin PBXFileReference section */
		A36D3CB82168C3CD0036D9A3 /* Flix_Demo_Version2.app */ = {isa = PBXFileReference; explicitFileType = wrapper.application; includeInIndex = 0; path = Flix_Demo_Version2.app; sourceTree = BUILT_PRODUCTS_DIR; };
		A36D3CBB2168C3CD0036D9A3 /* AppDelegate.swift */ = {isa = PBXFileReference; lastKnownFileType = sourcecode.swift; path = AppDelegate.swift; sourceTree = "<group>"; };
		A36D3CBD2168C3CD0036D9A3 /* ViewController.swift */ = {isa = PBXFileReference; lastKnownFileType = sourcecode.swift; path = ViewController.swift; sourceTree = "<group>"; };
		A36D3CC02168C3CE0036D9A3 /* Base */ = {isa = PBXFileReference; lastKnownFileType = file.storyboard; name = Base; path = Base.lproj/Main.storyboard; sourceTree = "<group>"; };
		A36D3CC22168C3F30036D9A3 /* Assets.xcassets */ = {isa = PBXFileReference; lastKnownFileType = folder.assetcatalog; path = Assets.xcassets; sourceTree = "<group>"; };
		A36D3CC52168C3F30036D9A3 /* Base */ = {isa = PBXFileReference; lastKnownFileType = file.storyboard; name = Base; path = Base.lproj/LaunchScreen.storyboard; sourceTree = "<group>"; };
		A36D3CC72168C3F30036D9A3 /* Info.plist */ = {isa = PBXFileReference; lastKnownFileType = text.plist.xml; path = Info.plist; sourceTree = "<group>"; };
		A36D3CCC2168C3F40036D9A3 /* Flix_Demo_Version2Tests.xctest */ = {isa = PBXFileReference; explicitFileType = wrapper.cfbundle; includeInIndex = 0; path = Flix_Demo_Version2Tests.xctest; sourceTree = BUILT_PRODUCTS_DIR; };
		A36D3CD02168C3F40036D9A3 /* Flix_Demo_Version2Tests.swift */ = {isa = PBXFileReference; lastKnownFileType = sourcecode.swift; path = Flix_Demo_Version2Tests.swift; sourceTree = "<group>"; };
		A36D3CD22168C3F40036D9A3 /* Info.plist */ = {isa = PBXFileReference; lastKnownFileType = text.plist.xml; path = Info.plist; sourceTree = "<group>"; };
		A36D3CD72168C3F40036D9A3 /* Flix_Demo_Version2UITests.xctest */ = {isa = PBXFileReference; explicitFileType = wrapper.cfbundle; includeInIndex = 0; path = Flix_Demo_Version2UITests.xctest; sourceTree = BUILT_PRODUCTS_DIR; };
		A36D3CDB2168C3F40036D9A3 /* Flix_Demo_Version2UITests.swift */ = {isa = PBXFileReference; lastKnownFileType = sourcecode.swift; path = Flix_Demo_Version2UITests.swift; sourceTree = "<group>"; };
		A36D3CDD2168C3F40036D9A3 /* Info.plist */ = {isa = PBXFileReference; lastKnownFileType = text.plist.xml; path = Info.plist; sourceTree = "<group>"; };
/* End PBXFileReference section */

/* Begin PBXFrameworksBuildPhase section */
		A36D3CB52168C3CD0036D9A3 /* Frameworks */ = {
			isa = PBXFrameworksBuildPhase;
			buildActionMask = 2147483647;
			files = (
			);
			runOnlyForDeploymentPostprocessing = 0;
		};
		A36D3CC92168C3F40036D9A3 /* Frameworks */ = {
			isa = PBXFrameworksBuildPhase;
			buildActionMask = 2147483647;
			files = (
			);
			runOnlyForDeploymentPostprocessing = 0;
		};
		A36D3CD42168C3F40036D9A3 /* Frameworks */ = {
			isa = PBXFrameworksBuildPhase;
			buildActionMask = 2147483647;
			files = (
			);
			runOnlyForDeploymentPostprocessing = 0;
		};
/* End PBXFrameworksBuildPhase section */

/* Begin PBXGroup section */
		A36D3CAF2168C3CD0036D9A3 = {
			isa = PBXGroup;
			children = (
				A36D3CBA2168C3CD0036D9A3 /* Flix_Demo_Version2 */,
				A36D3CCF2168C3F40036D9A3 /* Flix_Demo_Version2Tests */,
				A36D3CDA2168C3F40036D9A3 /* Flix_Demo_Version2UITests */,
				A36D3CB92168C3CD0036D9A3 /* Products */,
			);
			sourceTree = "<group>";
		};
		A36D3CB92168C3CD0036D9A3 /* Products */ = {
			isa = PBXGroup;
			children = (
				A36D3CB82168C3CD0036D9A3 /* Flix_Demo_Version2.app */,
				A36D3CCC2168C3F40036D9A3 /* Flix_Demo_Version2Tests.xctest */,
				A36D3CD72168C3F40036D9A3 /* Flix_Demo_Version2UITests.xctest */,
			);
			name = Products;
			sourceTree = "<group>";
		};
		A36D3CBA2168C3CD0036D9A3 /* Flix_Demo_Version2 */ = {
			isa = PBXGroup;
			children = (
				A36D3CBB2168C3CD0036D9A3 /* AppDelegate.swift */,
				A36D3CBD2168C3CD0036D9A3 /* ViewController.swift */,
				A36D3CBF2168C3CE0036D9A3 /* Main.storyboard */,
				A36D3CC22168C3F30036D9A3 /* Assets.xcassets */,
				A36D3CC42168C3F30036D9A3 /* LaunchScreen.storyboard */,
				A36D3CC72168C3F30036D9A3 /* Info.plist */,
			);
			path = Flix_Demo_Version2;
			sourceTree = "<group>";
		};
		A36D3CCF2168C3F40036D9A3 /* Flix_Demo_Version2Tests */ = {
			isa = PBXGroup;
			children = (
				A36D3CD02168C3F40036D9A3 /* Flix_Demo_Version2Tests.swift */,
				A36D3CD22168C3F40036D9A3 /* Info.plist */,
			);
			path = Flix_Demo_Version2Tests;
			sourceTree = "<group>";
		};
		A36D3CDA2168C3F40036D9A3 /* Flix_Demo_Version2UITests */ = {
			isa = PBXGroup;
			children = (
				A36D3CDB2168C3F40036D9A3 /* Flix_Demo_Version2UITests.swift */,
				A36D3CDD2168C3F40036D9A3 /* Info.plist */,
			);
			path = Flix_Demo_Version2UITests;
			sourceTree = "<group>";
		};
/* End PBXGroup section */

/* Begin PBXNativeTarget section */
		A36D3CB72168C3CD0036D9A3 /* Flix_Demo_Version2 */ = {
			isa = PBXNativeTarget;
			buildConfigurationList = A36D3CE02168C3F40036D9A3 /* Build configuration list for PBXNativeTarget "Flix_Demo_Version2" */;
			buildPhases = (
				A36D3CB42168C3CD0036D9A3 /* Sources */,
				A36D3CB52168C3CD0036D9A3 /* Frameworks */,
				A36D3CB62168C3CD0036D9A3 /* Resources */,
			);
			buildRules = (
			);
			dependencies = (
			);
			name = Flix_Demo_Version2;
			productName = Flix_Demo_Version2;
			productReference = A36D3CB82168C3CD0036D9A3 /* Flix_Demo_Version2.app */;
			productType = "com.apple.product-type.application";
		};
		A36D3CCB2168C3F40036D9A3 /* Flix_Demo_Version2Tests */ = {
			isa = PBXNativeTarget;
			buildConfigurationList = A36D3CE32168C3F40036D9A3 /* Build configuration list for PBXNativeTarget "Flix_Demo_Version2Tests" */;
			buildPhases = (
				A36D3CC82168C3F40036D9A3 /* Sources */,
				A36D3CC92168C3F40036D9A3 /* Frameworks */,
				A36D3CCA2168C3F40036D9A3 /* Resources */,
			);
			buildRules = (
			);
			dependencies = (
				A36D3CCE2168C3F40036D9A3 /* PBXTargetDependency */,
			);
			name = Flix_Demo_Version2Tests;
			productName = Flix_Demo_Version2Tests;
			productReference = A36D3CCC2168C3F40036D9A3 /* Flix_Demo_Version2Tests.xctest */;
			productType = "com.apple.product-type.bundle.unit-test";
		};
		A36D3CD62168C3F40036D9A3 /* Flix_Demo_Version2UITests */ = {
			isa = PBXNativeTarget;
			buildConfigurationList = A36D3CE62168C3F40036D9A3 /* Build configuration list for PBXNativeTarget "Flix_Demo_Version2UITests" */;
			buildPhases = (
				A36D3CD32168C3F40036D9A3 /* Sources */,
				A36D3CD42168C3F40036D9A3 /* Frameworks */,
				A36D3CD52168C3F40036D9A3 /* Resources */,
			);
			buildRules = (
			);
			dependencies = (
				A36D3CD92168C3F40036D9A3 /* PBXTargetDependency */,
			);
			name = Flix_Demo_Version2UITests;
			productName = Flix_Demo_Version2UITests;
			productReference = A36D3CD72168C3F40036D9A3 /* Flix_Demo_Version2UITests.xctest */;
			productType = "com.apple.product-type.bundle.ui-testing";
		};
/* End PBXNativeTarget section */

/* Begin PBXProject section */
		A36D3CB02168C3CD0036D9A3 /* Project object */ = {
			isa = PBXProject;
			attributes = {
				LastSwiftUpdateCheck = 1000;
				LastUpgradeCheck = 1000;
				ORGANIZATIONNAME = "Annmarie Reid";
				TargetAttributes = {
					A36D3CB72168C3CD0036D9A3 = {
						CreatedOnToolsVersion = 10.0;
					};
					A36D3CCB2168C3F40036D9A3 = {
						CreatedOnToolsVersion = 10.0;
						TestTargetID = A36D3CB72168C3CD0036D9A3;
					};
					A36D3CD62168C3F40036D9A3 = {
						CreatedOnToolsVersion = 10.0;
						TestTargetID = A36D3CB72168C3CD0036D9A3;
					};
				};
			};
			buildConfigurationList = A36D3CB32168C3CD0036D9A3 /* Build configuration list for PBXProject "Flix_Demo_Version2" */;
			compatibilityVersion = "Xcode 9.3";
			developmentRegion = en;
			hasScannedForEncodings = 0;
			knownRegions = (
				en,
				Base,
			);
			mainGroup = A36D3CAF2168C3CD0036D9A3;
			productRefGroup = A36D3CB92168C3CD0036D9A3 /* Products */;
			projectDirPath = "";
			projectRoot = "";
			targets = (
				A36D3CB72168C3CD0036D9A3 /* Flix_Demo_Version2 */,
				A36D3CCB2168C3F40036D9A3 /* Flix_Demo_Version2Tests */,
				A36D3CD62168C3F40036D9A3 /* Flix_Demo_Version2UITests */,
			);
		};
/* End PBXProject section */

/* Begin PBXResourcesBuildPhase section */
		A36D3CB62168C3CD0036D9A3 /* Resources */ = {
			isa = PBXResourcesBuildPhase;
			buildActionMask = 2147483647;
			files = (
				A36D3CC62168C3F30036D9A3 /* LaunchScreen.storyboard in Resources */,
				A36D3CC32168C3F30036D9A3 /* Assets.xcassets in Resources */,
				A36D3CC12168C3CE0036D9A3 /* Main.storyboard in Resources */,
			);
			runOnlyForDeploymentPostprocessing = 0;
		};
		A36D3CCA2168C3F40036D9A3 /* Resources */ = {
			isa = PBXResourcesBuildPhase;
			buildActionMask = 2147483647;
			files = (
			);
			runOnlyForDeploymentPostprocessing = 0;
		};
		A36D3CD52168C3F40036D9A3 /* Resources */ = {
			isa = PBXResourcesBuildPhase;
			buildActionMask = 2147483647;
			files = (
			);
			runOnlyForDeploymentPostprocessing = 0;
		};
/* End PBXResourcesBuildPhase section */

/* Begin PBXSourcesBuildPhase section */
		A36D3CB42168C3CD0036D9A3 /* Sources */ = {
			isa = PBXSourcesBuildPhase;
			buildActionMask = 2147483647;
			files = (
				A36D3CBE2168C3CD0036D9A3 /* ViewController.swift in Sources */,
				A36D3CBC2168C3CD0036D9A3 /* AppDelegate.swift in Sources */,
			);
			runOnlyForDeploymentPostprocessing = 0;
		};
		A36D3CC82168C3F40036D9A3 /* Sources */ = {
			isa = PBXSourcesBuildPhase;
			buildActionMask = 2147483647;
			files = (
				A36D3CD12168C3F40036D9A3 /* Flix_Demo_Version2Tests.swift in Sources */,
			);
			runOnlyForDeploymentPostprocessing = 0;
		};
		A36D3CD32168C3F40036D9A3 /* Sources */ = {
			isa = PBXSourcesBuildPhase;
			buildActionMask = 2147483647;
			files = (
				A36D3CDC2168C3F40036D9A3 /* Flix_Demo_Version2UITests.swift in Sources */,
			);
			runOnlyForDeploymentPostprocessing = 0;
		};
/* End PBXSourcesBuildPhase section */

/* Begin PBXTargetDependency section */
		A36D3CCE2168C3F40036D9A3 /* PBXTargetDependency */ = {
			isa = PBXTargetDependency;
			target = A36D3CB72168C3CD0036D9A3 /* Flix_Demo_Version2 */;
			targetProxy = A36D3CCD2168C3F40036D9A3 /* PBXContainerItemProxy */;
		};
		A36D3CD92168C3F40036D9A3 /* PBXTargetDependency */ = {
			isa = PBXTargetDependency;
			target = A36D3CB72168C3CD0036D9A3 /* Flix_Demo_Version2 */;
			targetProxy = A36D3CD82168C3F40036D9A3 /* PBXContainerItemProxy */;
		};
/* End PBXTargetDependency section */

/* Begin PBXVariantGroup section */
		A36D3CBF2168C3CE0036D9A3 /* Main.storyboard */ = {
			isa = PBXVariantGroup;
			children = (
				A36D3CC02168C3CE0036D9A3 /* Base */,
			);
			name = Main.storyboard;
			sourceTree = "<group>";
		};
		A36D3CC42168C3F30036D9A3 /* LaunchScreen.storyboard */ = {
			isa = PBXVariantGroup;
			children = (
				A36D3CC52168C3F30036D9A3 /* Base */,
			);
			name = LaunchScreen.storyboard;
			sourceTree = "<group>";
		};
/* End PBXVariantGroup section */

/* Begin XCBuildConfiguration section */
		A36D3CDE2168C3F40036D9A3 /* Debug */ = {
			isa = XCBuildConfiguration;
			buildSettings = {
				ALWAYS_SEARCH_USER_PATHS = NO;
				CLANG_ANALYZER_NONNULL = YES;
				CLANG_ANALYZER_NUMBER_OBJECT_CONVERSION = YES_AGGRESSIVE;
				CLANG_CXX_LANGUAGE_STANDARD = "gnu++14";
				CLANG_CXX_LIBRARY = "libc++";
				CLANG_ENABLE_MODULES = YES;
				CLANG_ENABLE_OBJC_ARC = YES;
				CLANG_ENABLE_OBJC_WEAK = YES;
				CLANG_WARN_BLOCK_CAPTURE_AUTORELEASING = YES;
				CLANG_WARN_BOOL_CONVERSION = YES;
				CLANG_WARN_COMMA = YES;
				CLANG_WARN_CONSTANT_CONVERSION = YES;
				CLANG_WARN_DEPRECATED_OBJC_IMPLEMENTATIONS = YES;
				CLANG_WARN_DIRECT_OBJC_ISA_USAGE = YES_ERROR;
				CLANG_WARN_DOCUMENTATION_COMMENTS = YES;
				CLANG_WARN_EMPTY_BODY = YES;
				CLANG_WARN_ENUM_CONVERSION = YES;
				CLANG_WARN_INFINITE_RECURSION = YES;
				CLANG_WARN_INT_CONVERSION = YES;
				CLANG_WARN_NON_LITERAL_NULL_CONVERSION = YES;
				CLANG_WARN_OBJC_IMPLICIT_RETAIN_SELF = YES;
				CLANG_WARN_OBJC_LITERAL_CONVERSION = YES;
				CLANG_WARN_OBJC_ROOT_CLASS = YES_ERROR;
				CLANG_WARN_RANGE_LOOP_ANALYSIS = YES;
				CLANG_WARN_STRICT_PROTOTYPES = YES;
				CLANG_WARN_SUSPICIOUS_MOVE = YES;
				CLANG_WARN_UNGUARDED_AVAILABILITY = YES_AGGRESSIVE;
				CLANG_WARN_UNREACHABLE_CODE = YES;
				CLANG_WARN__DUPLICATE_METHOD_MATCH = YES;
				CODE_SIGN_IDENTITY = "iPhone Developer";
				COPY_PHASE_STRIP = NO;
				DEBUG_INFORMATION_FORMAT = dwarf;
				ENABLE_STRICT_OBJC_MSGSEND = YES;
				ENABLE_TESTABILITY = YES;
				GCC_C_LANGUAGE_STANDARD = gnu11;
				GCC_DYNAMIC_NO_PIC = NO;
				GCC_NO_COMMON_BLOCKS = YES;
				GCC_OPTIMIZATION_LEVEL = 0;
				GCC_PREPROCESSOR_DEFINITIONS = (
					"DEBUG=1",
					"$(inherited)",
				);
				GCC_WARN_64_TO_32_BIT_CONVERSION = YES;
				GCC_WARN_ABOUT_RETURN_TYPE = YES_ERROR;
				GCC_WARN_UNDECLARED_SELECTOR = YES;
				GCC_WARN_UNINITIALIZED_AUTOS = YES_AGGRESSIVE;
				GCC_WARN_UNUSED_FUNCTION = YES;
				GCC_WARN_UNUSED_VARIABLE = YES;
				IPHONEOS_DEPLOYMENT_TARGET = 12.0;
				MTL_ENABLE_DEBUG_INFO = INCLUDE_SOURCE;
				MTL_FAST_MATH = YES;
				ONLY_ACTIVE_ARCH = YES;
				SDKROOT = iphoneos;
				SWIFT_ACTIVE_COMPILATION_CONDITIONS = DEBUG;
				SWIFT_OPTIMIZATION_LEVEL = "-Onone";
			};
			name = Debug;
		};
		A36D3CDF2168C3F40036D9A3 /* Release */ = {
			isa = XCBuildConfiguration;
			buildSettings = {
				ALWAYS_SEARCH_USER_PATHS = NO;
				CLANG_ANALYZER_NONNULL = YES;
				CLANG_ANALYZER_NUMBER_OBJECT_CONVERSION = YES_AGGRESSIVE;
				CLANG_CXX_LANGUAGE_STANDARD = "gnu++14";
				CLANG_CXX_LIBRARY = "libc++";
				CLANG_ENABLE_MODULES = YES;
				CLANG_ENABLE_OBJC_ARC = YES;
				CLANG_ENABLE_OBJC_WEAK = YES;
				CLANG_WARN_BLOCK_CAPTURE_AUTORELEASING = YES;
				CLANG_WARN_BOOL_CONVERSION = YES;
				CLANG_WARN_COMMA = YES;
				CLANG_WARN_CONSTANT_CONVERSION = YES;
				CLANG_WARN_DEPRECATED_OBJC_IMPLEMENTATIONS = YES;
				CLANG_WARN_DIRECT_OBJC_ISA_USAGE = YES_ERROR;
				CLANG_WARN_DOCUMENTATION_COMMENTS = YES;
				CLANG_WARN_EMPTY_BODY = YES;
				CLANG_WARN_ENUM_CONVERSION = YES;
				CLANG_WARN_INFINITE_RECURSION = YES;
				CLANG_WARN_INT_CONVERSION = YES;
				CLANG_WARN_NON_LITERAL_NULL_CONVERSION = YES;
				CLANG_WARN_OBJC_IMPLICIT_RETAIN_SELF = YES;
				CLANG_WARN_OBJC_LITERAL_CONVERSION = YES;
				CLANG_WARN_OBJC_ROOT_CLASS = YES_ERROR;
				CLANG_WARN_RANGE_LOOP_ANALYSIS = YES;
				CLANG_WARN_STRICT_PROTOTYPES = YES;
				CLANG_WARN_SUSPICIOUS_MOVE = YES;
				CLANG_WARN_UNGUARDED_AVAILABILITY = YES_AGGRESSIVE;
				CLANG_WARN_UNREACHABLE_CODE = YES;
				CLANG_WARN__DUPLICATE_METHOD_MATCH = YES;
				CODE_SIGN_IDENTITY = "iPhone Developer";
				COPY_PHASE_STRIP = NO;
				DEBUG_INFORMATION_FORMAT = "dwarf-with-dsym";
				ENABLE_NS_ASSERTIONS = NO;
				ENABLE_STRICT_OBJC_MSGSEND = YES;
				GCC_C_LANGUAGE_STANDARD = gnu11;
				GCC_NO_COMMON_BLOCKS = YES;
				GCC_WARN_64_TO_32_BIT_CONVERSION = YES;
				GCC_WARN_ABOUT_RETURN_TYPE = YES_ERROR;
				GCC_WARN_UNDECLARED_SELECTOR = YES;
				GCC_WARN_UNINITIALIZED_AUTOS = YES_AGGRESSIVE;
				GCC_WARN_UNUSED_FUNCTION = YES;
				GCC_WARN_UNUSED_VARIABLE = YES;
				IPHONEOS_DEPLOYMENT_TARGET = 12.0;
				MTL_ENABLE_DEBUG_INFO = NO;
				MTL_FAST_MATH = YES;
				SDKROOT = iphoneos;
				SWIFT_COMPILATION_MODE = wholemodule;
				SWIFT_OPTIMIZATION_LEVEL = "-O";
				VALIDATE_PRODUCT = YES;
			};
			name = Release;
		};
		A36D3CE12168C3F40036D9A3 /* Debug */ = {
			isa = XCBuildConfiguration;
			buildSettings = {
				ASSETCATALOG_COMPILER_APPICON_NAME = AppIcon;
				CODE_SIGN_STYLE = Automatic;
				DEVELOPMENT_TEAM = YPYQG2T92U;
				INFOPLIST_FILE = Flix_Demo_Version2/Info.plist;
				LD_RUNPATH_SEARCH_PATHS = (
					"$(inherited)",
					"@executable_path/Frameworks",
				);
				PRODUCT_BUNDLE_IDENTIFIER = "CCNY.Flix-Demo-Version2";
				PRODUCT_NAME = "$(TARGET_NAME)";
				SWIFT_VERSION = 4.2;
				TARGETED_DEVICE_FAMILY = "1,2";
			};
			name = Debug;
		};
		A36D3CE22168C3F40036D9A3 /* Release */ = {
			isa = XCBuildConfiguration;
			buildSettings = {
				ASSETCATALOG_COMPILER_APPICON_NAME = AppIcon;
				CODE_SIGN_STYLE = Automatic;
				DEVELOPMENT_TEAM = YPYQG2T92U;
				INFOPLIST_FILE = Flix_Demo_Version2/Info.plist;
				LD_RUNPATH_SEARCH_PATHS = (
					"$(inherited)",
					"@executable_path/Frameworks",
				);
				PRODUCT_BUNDLE_IDENTIFIER = "CCNY.Flix-Demo-Version2";
				PRODUCT_NAME = "$(TARGET_NAME)";
				SWIFT_VERSION = 4.2;
				TARGETED_DEVICE_FAMILY = "1,2";
			};
			name = Release;
		};
		A36D3CE42168C3F40036D9A3 /* Debug */ = {
			isa = XCBuildConfiguration;
			buildSettings = {
				ALWAYS_EMBED_SWIFT_STANDARD_LIBRARIES = YES;
				BUNDLE_LOADER = "$(TEST_HOST)";
				CODE_SIGN_STYLE = Automatic;
				DEVELOPMENT_TEAM = YPYQG2T92U;
				INFOPLIST_FILE = Flix_Demo_Version2Tests/Info.plist;
				LD_RUNPATH_SEARCH_PATHS = (
					"$(inherited)",
					"@executable_path/Frameworks",
					"@loader_path/Frameworks",
				);
				PRODUCT_BUNDLE_IDENTIFIER = "CCNY.Flix-Demo-Version2Tests";
				PRODUCT_NAME = "$(TARGET_NAME)";
				SWIFT_VERSION = 4.2;
				TARGETED_DEVICE_FAMILY = "1,2";
				TEST_HOST = "$(BUILT_PRODUCTS_DIR)/Flix_Demo_Version2.app/Flix_Demo_Version2";
			};
			name = Debug;
		};
		A36D3CE52168C3F40036D9A3 /* Release */ = {
			isa = XCBuildConfiguration;
			buildSettings = {
				ALWAYS_EMBED_SWIFT_STANDARD_LIBRARIES = YES;
				BUNDLE_LOADER = "$(TEST_HOST)";
				CODE_SIGN_STYLE = Automatic;
				DEVELOPMENT_TEAM = YPYQG2T92U;
				INFOPLIST_FILE = Flix_Demo_Version2Tests/Info.plist;
				LD_RUNPATH_SEARCH_PATHS = (
					"$(inherited)",
					"@executable_path/Frameworks",
					"@loader_path/Frameworks",
				);
				PRODUCT_BUNDLE_IDENTIFIER = "CCNY.Flix-Demo-Version2Tests";
				PRODUCT_NAME = "$(TARGET_NAME)";
				SWIFT_VERSION = 4.2;
				TARGETED_DEVICE_FAMILY = "1,2";
				TEST_HOST = "$(BUILT_PRODUCTS_DIR)/Flix_Demo_Version2.app/Flix_Demo_Version2";
			};
			name = Release;
		};
		A36D3CE72168C3F40036D9A3 /* Debug */ = {
			isa = XCBuildConfiguration;
			buildSettings = {
				ALWAYS_EMBED_SWIFT_STANDARD_LIBRARIES = YES;
				CODE_SIGN_STYLE = Automatic;
				DEVELOPMENT_TEAM = YPYQG2T92U;
				INFOPLIST_FILE = Flix_Demo_Version2UITests/Info.plist;
				LD_RUNPATH_SEARCH_PATHS = (
					"$(inherited)",
					"@executable_path/Frameworks",
					"@loader_path/Frameworks",
				);
				PRODUCT_BUNDLE_IDENTIFIER = "CCNY.Flix-Demo-Version2UITests";
				PRODUCT_NAME = "$(TARGET_NAME)";
				SWIFT_VERSION = 4.2;
				TARGETED_DEVICE_FAMILY = "1,2";
				TEST_TARGET_NAME = Flix_Demo_Version2;
			};
			name = Debug;
		};
		A36D3CE82168C3F40036D9A3 /* Release */ = {
			isa = XCBuildConfiguration;
			buildSettings = {
				ALWAYS_EMBED_SWIFT_STANDARD_LIBRARIES = YES;
				CODE_SIGN_STYLE = Automatic;
				DEVELOPMENT_TEAM = YPYQG2T92U;
				INFOPLIST_FILE = Flix_Demo_Version2UITests/Info.plist;
				LD_RUNPATH_SEARCH_PATHS = (
					"$(inherited)",
					"@executable_path/Frameworks",
					"@loader_path/Frameworks",
				);
				PRODUCT_BUNDLE_IDENTIFIER = "CCNY.Flix-Demo-Version2UITests";
				PRODUCT_NAME = "$(TARGET_NAME)";
				SWIFT_VERSION = 4.2;
				TARGETED_DEVICE_FAMILY = "1,2";
				TEST_TARGET_NAME = Flix_Demo_Version2;
			};
			name = Release;
		};
/* End XCBuildConfiguration section */

/* Begin XCConfigurationList section */
		A36D3CB32168C3CD0036D9A3 /* Build configuration list for PBXProject "Flix_Demo_Version2" */ = {
			isa = XCConfigurationList;
			buildConfigurations = (
				A36D3CDE2168C3F40036D9A3 /* Debug */,
				A36D3CDF2168C3F40036D9A3 /* Release */,
			);
			defaultConfigurationIsVisible = 0;
			defaultConfigurationName = Release;
		};
		A36D3CE02168C3F40036D9A3 /* Build configuration list for PBXNativeTarget "Flix_Demo_Version2" */ = {
			isa = XCConfigurationList;
			buildConfigurations = (
				A36D3CE12168C3F40036D9A3 /* Debug */,
				A36D3CE22168C3F40036D9A3 /* Release */,
			);
			defaultConfigurationIsVisible = 0;
			defaultConfigurationName = Release;
		};
		A36D3CE32168C3F40036D9A3 /* Build configuration list for PBXNativeTarget "Flix_Demo_Version2Tests" */ = {
			isa = XCConfigurationList;
			buildConfigurations = (
				A36D3CE42168C3F40036D9A3 /* Debug */,
				A36D3CE52168C3F40036D9A3 /* Release */,
			);
			defaultConfigurationIsVisible = 0;
			defaultConfigurationName = Release;
		};
		A36D3CE62168C3F40036D9A3 /* Build configuration list for PBXNativeTarget "Flix_Demo_Version2UITests" */ = {
			isa = XCConfigurationList;
			buildConfigurations = (
				A36D3CE72168C3F40036D9A3 /* Debug */,
				A36D3CE82168C3F40036D9A3 /* Release */,
			);
			defaultConfigurationIsVisible = 0;
			defaultConfigurationName = Release;
		};
/* End XCConfigurationList section */
	};
	rootObject = A36D3CB02168C3CD0036D9A3 /* Project object */;
}
